
Microsoft Visual Studio Solution File, Format Version 12.00
# Visual Studio Version 16
VisualStudioVersion = 16.0.32413.511
MinimumVisualStudioVersion = 10.0.40219.1
Project("{9A19103F-16F7-4668-BE54-9A1E7A4F7556}") = "CroweQuest.Web", "CroweQuest.Web\CroweQuest.Web.csproj", "{88307088-63A1-4846-A4B8-1F1DB55F4FA4}"
EndProject
Project("{9A19103F-16F7-4668-BE54-9A1E7A4F7556}") = "CroweQuest.Models", "CroweQuest.Models\CroweQuest.Models.csproj", "{888E0502-541A-4B59-B9E3-A31D01AFB76B}"
EndProject
Project("{9A19103F-16F7-4668-BE54-9A1E7A4F7556}") = "CroweQuest.Repository", "CroweQuest.Repository\CroweQuest.Repository.csproj", "{5D97CA9D-734F-4AB4-A5FE-EC45DA9B3A63}"
EndProject
Project("{FAE04EC0-301F-11D3-BF4B-00C04F79EFBC}") = "CroweQuest.Identity", "CroweQuest.Identity\CroweQuest.Identity.csproj", "{594328A9-4D9D-4362-9539-89CF65F07B6E}"
EndProject
Project("{FAE04EC0-301F-11D3-BF4B-00C04F79EFBC}") = "BlogLab.Services", "BlogLab.Services\BlogLab.Services.csproj", "{86670A6D-56C2-4BD9-8BF3-77A076E1C687}"
EndProject
Global
	GlobalSection(SolutionConfigurationPlatforms) = preSolution
		Debug|Any CPU = Debug|Any CPU
		Release|Any CPU = Release|Any CPU
	EndGlobalSection
	GlobalSection(ProjectConfigurationPlatforms) = postSolution
		{88307088-63A1-4846-A4B8-1F1DB55F4FA4}.Debug|Any CPU.ActiveCfg = Debug|Any CPU
		{88307088-63A1-4846-A4B8-1F1DB55F4FA4}.Debug|Any CPU.Build.0 = Debug|Any CPU
		{88307088-63A1-4846-A4B8-1F1DB55F4FA4}.Release|Any CPU.ActiveCfg = Release|Any CPU
		{88307088-63A1-4846-A4B8-1F1DB55F4FA4}.Release|Any CPU.Build.0 = Release|Any CPU
		{888E0502-541A-4B59-B9E3-A31D01AFB76B}.Debug|Any CPU.ActiveCfg = Debug|Any CPU
		{888E0502-541A-4B59-B9E3-A31D01AFB76B}.Debug|Any CPU.Build.0 = Debug|Any CPU
		{888E0502-541A-4B59-B9E3-A31D01AFB76B}.Release|Any CPU.ActiveCfg = Release|Any CPU
		{888E0502-541A-4B59-B9E3-A31D01AFB76B}.Release|Any CPU.Build.0 = Release|Any CPU
		{5D97CA9D-734F-4AB4-A5FE-EC45DA9B3A63}.Debug|Any CPU.ActiveCfg = Debug|Any CPU
		{5D97CA9D-734F-4AB4-A5FE-EC45DA9B3A63}.Debug|Any CPU.Build.0 = Debug|Any CPU
		{5D97CA9D-734F-4AB4-A5FE-EC45DA9B3A63}.Release|Any CPU.ActiveCfg = Release|Any CPU
		{5D97CA9D-734F-4AB4-A5FE-EC45DA9B3A63}.Release|Any CPU.Build.0 = Release|Any CPU
		{594328A9-4D9D-4362-9539-89CF65F07B6E}.Debug|Any CPU.ActiveCfg = Debug|Any CPU
		{594328A9-4D9D-4362-9539-89CF65F07B6E}.Debug|Any CPU.Build.0 = Debug|Any CPU
		{594328A9-4D9D-4362-9539-89CF65F07B6E}.Release|Any CPU.ActiveCfg = Release|Any CPU
		{594328A9-4D9D-4362-9539-89CF65F07B6E}.Release|Any CPU.Build.0 = Release|Any CPU
		{86670A6D-56C2-4BD9-8BF3-77A076E1C687}.Debug|Any CPU.ActiveCfg = Debug|Any CPU
		{86670A6D-56C2-4BD9-8BF3-77A076E1C687}.Debug|Any CPU.Build.0 = Debug|Any CPU
		{86670A6D-56C2-4BD9-8BF3-77A076E1C687}.Release|Any CPU.ActiveCfg = Release|Any CPU
		{86670A6D-56C2-4BD9-8BF3-77A076E1C687}.Release|Any CPU.Build.0 = Release|Any CPU
	EndGlobalSection
	GlobalSection(SolutionProperties) = preSolution
		HideSolutionNode = FALSE
	EndGlobalSection
	GlobalSection(ExtensibilityGlobals) = postSolution
		SolutionGuid = {71183DC8-DF64-4E6B-874F-82D97A3EDA96}
	EndGlobalSection
EndGlobal
